
Microsoft Visual Studio Solution File, Format Version 12.00
# Visual Studio 15
VisualStudioVersion = 15.0.26430.14
MinimumVisualStudioVersion = 10.0.40219.1
Project("{2150E333-8FDC-42A3-9474-1A3956D46DE8}") = "README", "README", "{FF61A16A-4D4C-4A4A-B5BE-82744DD00039}"
	ProjectSection(SolutionItems) = preProject
		README.md = README.md
	EndProjectSection
EndProject
Project("{2150E333-8FDC-42A3-9474-1A3956D46DE8}") = "Solution Items", "Solution Items", "{1EBC467A-3E71-4979-B805-A92522B86BF2}"
ProjectSection(SolutionItems) = preProject
	common.props = common.props
EndProjectSection
EndProject
Project("{FAE04EC0-301F-11D3-BF4B-00C04F79EFBC}") = "MluviiBot.BotAssets", "MluviiBot.BotAssets\MluviiBot.BotAssets.csproj", "{EF8D0F2F-B36E-42C3-A40C-FD106726BCB1}"
EndProject
Project("{FAE04EC0-301F-11D3-BF4B-00C04F79EFBC}") = "MluviiBot", "MluviiBot\MluviiBot.csproj", "{B489678A-A1A8-44FC-A5F3-30A4BC03F600}"
EndProject
Global
	GlobalSection(SolutionConfigurationPlatforms) = preSolution
		Debug|Any CPU = Debug|Any CPU
		Release|Any CPU = Release|Any CPU
	EndGlobalSection
	GlobalSection(ProjectConfigurationPlatforms) = postSolution
		{EF8D0F2F-B36E-42C3-A40C-FD106726BCB1}.Debug|Any CPU.ActiveCfg = Debug|Any CPU
		{EF8D0F2F-B36E-42C3-A40C-FD106726BCB1}.Debug|Any CPU.Build.0 = Debug|Any CPU
		{EF8D0F2F-B36E-42C3-A40C-FD106726BCB1}.Release|Any CPU.ActiveCfg = Release|Any CPU
		{EF8D0F2F-B36E-42C3-A40C-FD106726BCB1}.Release|Any CPU.Build.0 = Release|Any CPU
		{B489678A-A1A8-44FC-A5F3-30A4BC03F600}.Debug|Any CPU.ActiveCfg = Debug|Any CPU
		{B489678A-A1A8-44FC-A5F3-30A4BC03F600}.Debug|Any CPU.Build.0 = Debug|Any CPU
		{B489678A-A1A8-44FC-A5F3-30A4BC03F600}.Release|Any CPU.ActiveCfg = Release|Any CPU
		{B489678A-A1A8-44FC-A5F3-30A4BC03F600}.Release|Any CPU.Build.0 = Release|Any CPU
	EndGlobalSection
	GlobalSection(SolutionProperties) = preSolution
		HideSolutionNode = FALSE
	EndGlobalSection
	GlobalSection(NestedProjects) = preSolution
	EndGlobalSection
EndGlobal
